
Microsoft Visual Studio Solution File, Format Version 12.00
# Visual Studio Version 17
VisualStudioVersion = 17.5.2.0
MinimumVisualStudioVersion = 10.0.40219.1
Project("{FAE04EC0-301F-11D3-BF4B-00C04F79EFBC}") = "Spyro", "Spyro\Spyro.csproj", "{DE12CDB1-EEB8-282A-7E06-D786EC8FECC6}"
EndProject
Project("{FAE04EC0-301F-11D3-BF4B-00C04F79EFBC}") = "Spyro.Runner", "Spyro.Runner\Spyro.Runner.csproj", "{2DFFC53F-6B52-4A3A-889F-F0953FCD0899}"
EndProject
Global
	GlobalSection(SolutionConfigurationPlatforms) = preSolution
		Debug|Any CPU = Debug|Any CPU
		Debug|x64 = Debug|x64
		Debug|x86 = Debug|x86
		Release|Any CPU = Release|Any CPU
		Release|x64 = Release|x64
		Release|x86 = Release|x86
	EndGlobalSection
	GlobalSection(ProjectConfigurationPlatforms) = postSolution
		{DE12CDB1-EEB8-282A-7E06-D786EC8FECC6}.Debug|Any CPU.ActiveCfg = Debug|Any CPU
		{DE12CDB1-EEB8-282A-7E06-D786EC8FECC6}.Debug|Any CPU.Build.0 = Debug|Any CPU
		{DE12CDB1-EEB8-282A-7E06-D786EC8FECC6}.Debug|x64.ActiveCfg = Debug|Any CPU
		{DE12CDB1-EEB8-282A-7E06-D786EC8FECC6}.Debug|x64.Build.0 = Debug|Any CPU
		{DE12CDB1-EEB8-282A-7E06-D786EC8FECC6}.Debug|x86.ActiveCfg = Debug|Any CPU
		{DE12CDB1-EEB8-282A-7E06-D786EC8FECC6}.Debug|x86.Build.0 = Debug|Any CPU
		{DE12CDB1-EEB8-282A-7E06-D786EC8FECC6}.Release|Any CPU.ActiveCfg = Release|Any CPU
		{DE12CDB1-EEB8-282A-7E06-D786EC8FECC6}.Release|Any CPU.Build.0 = Release|Any CPU
		{DE12CDB1-EEB8-282A-7E06-D786EC8FECC6}.Release|x64.ActiveCfg = Release|Any CPU
		{DE12CDB1-EEB8-282A-7E06-D786EC8FECC6}.Release|x64.Build.0 = Release|Any CPU
		{DE12CDB1-EEB8-282A-7E06-D786EC8FECC6}.Release|x86.ActiveCfg = Release|Any CPU
		{DE12CDB1-EEB8-282A-7E06-D786EC8FECC6}.Release|x86.Build.0 = Release|Any CPU
		{2DFFC53F-6B52-4A3A-889F-F0953FCD0899}.Debug|Any CPU.ActiveCfg = Debug|Any CPU
		{2DFFC53F-6B52-4A3A-889F-F0953FCD0899}.Debug|Any CPU.Build.0 = Debug|Any CPU
		{2DFFC53F-6B52-4A3A-889F-F0953FCD0899}.Debug|x64.ActiveCfg = Debug|Any CPU
		{2DFFC53F-6B52-4A3A-889F-F0953FCD0899}.Debug|x64.Build.0 = Debug|Any CPU
		{2DFFC53F-6B52-4A3A-889F-F0953FCD0899}.Debug|x86.ActiveCfg = Debug|Any CPU
		{2DFFC53F-6B52-4A3A-889F-F0953FCD0899}.Debug|x86.Build.0 = Debug|Any CPU
		{2DFFC53F-6B52-4A3A-889F-F0953FCD0899}.Release|Any CPU.ActiveCfg = Release|Any CPU
		{2DFFC53F-6B52-4A3A-889F-F0953FCD0899}.Release|Any CPU.Build.0 = Release|Any CPU
		{2DFFC53F-6B52-4A3A-889F-F0953FCD0899}.Release|x64.ActiveCfg = Release|Any CPU
		{2DFFC53F-6B52-4A3A-889F-F0953FCD0899}.Release|x64.Build.0 = Release|Any CPU
		{2DFFC53F-6B52-4A3A-889F-F0953FCD0899}.Release|x86.ActiveCfg = Release|Any CPU
		{2DFFC53F-6B52-4A3A-889F-F0953FCD0899}.Release|x86.Build.0 = Release|Any CPU
	EndGlobalSection
	GlobalSection(SolutionProperties) = preSolution
		HideSolutionNode = FALSE
	EndGlobalSection
	GlobalSection(ExtensibilityGlobals) = postSolution
		SolutionGuid = {C1C83483-7D98-45D9-9E74-702C799C4708}
	EndGlobalSection
EndGlobal
